
Microsoft Visual Studio Solution File, Format Version 12.00
# Visual Studio 15
VisualStudioVersion = 15.0.28010.2046
MinimumVisualStudioVersion = 10.0.40219.1
Project("{FAE04EC0-301F-11D3-BF4B-00C04F79EFBC}") = "BND1D", "BND1D\BND1D.csproj", "{FAE746C3-E9D7-44A4-BD16-CB95888F9CE1}"
EndProject
Global
	GlobalSection(SolutionConfigurationPlatforms) = preSolution
		Debug|Any CPU = Debug|Any CPU
		Release|Any CPU = Release|Any CPU
	EndGlobalSection
	GlobalSection(ProjectConfigurationPlatforms) = postSolution
		{FAE746C3-E9D7-44A4-BD16-CB95888F9CE1}.Debug|Any CPU.ActiveCfg = Debug|Any CPU
		{FAE746C3-E9D7-44A4-BD16-CB95888F9CE1}.Debug|Any CPU.Build.0 = Debug|Any CPU
		{FAE746C3-E9D7-44A4-BD16-CB95888F9CE1}.Release|Any CPU.ActiveCfg = Release|Any CPU
		{FAE746C3-E9D7-44A4-BD16-CB95888F9CE1}.Release|Any CPU.Build.0 = Release|Any CPU
	EndGlobalSection
	GlobalSection(SolutionProperties) = preSolution
		HideSolutionNode = FALSE
	EndGlobalSection
	GlobalSection(ExtensibilityGlobals) = postSolution
		SolutionGuid = {1BFBD300-6799-4543-A704-AC301D34C4C4}
	EndGlobalSection
EndGlobal
